github.com/fr0nch/go-plugify-s2sdk v2.3.21+incompatible h1:Yh+H3t+YI7V6tlD9OdORRuM2+attXfnDWvPyvqQRxAA=
github.com/fr0nch/go-plugify-s2sdk v2.3.21+incompatible/go.mod h1:32A0soT7csdI0tqfdlXl6zl8CGIccyWEGTIct8cdhy0=
github.com/fr0nch/go-plugify-s2sdk/v2 v2.3.21 h1:e5RPanMEfRohv6DRWsTJKQM/KKHsjEj0aInUZCVmeG0=
github.com/fr0nch/go-plugify-s2sdk/v2 v2.3.21/go.mod h1:6COO9q7dMDWdRQcjnDMHB7AUn8sVVn0x+k9KPJVKIyU=
github.com/fr0nch/go-plugify-s2sdk/v2 v2.3.22 h1:tGGvQFpoV1YGXRAXqC8E5rS5qbjFetF6A55Q78WvX3k=
github.com/fr0nch/go-plugify-s2sdk/v2 v2.3.22/go.mod h1:E+VUBxFGIKojwULqS/swf6G3gY9sWYWIdXDIkAWJf/U=
github.com/fr0nch/go-plugify-s2sdk/v2 v2.3.23 h1:0gUqCgse2xx/qi5oZsRGdqcBR+RTS1nTLMK26Ifnp/I=
github.com/fr0nch/go-plugify-s2sdk/v2 v2.3.23/go.mod h1:wVBN72ztHL2VIixPQo074VGivoLUfhQ7HsRGcS5Rb74=
github.com/google/go-cmp v0.6.0 h1:ofyhxvXcZhMsU5ulbFiLKl/XBFqE1GSq7atu8tAmTRI=
github.com/google/go-cmp v0.6.0/go.mod h1:17dUlkBOakJ0+DkrSSNjCkIjxS6bF9zb3elmeNGIjoY=
github.com/untrustedmodders/go-plugify v1.5.0 h1:KCZ62n+5uYibMpJKFR57rMuUa2qHqhOYbKAHUIbJzDg=
github.com/untrustedmodders/go-plugify v1.5.0/go.mod h1:j+sziXkuxB59jnbrwEGt3T4z3mccwmMpxgCUP3VPQ84=
golang.org/x/mod v0.31.0 h1:HaW9xtz0+kOcWKwli0ZXy79Ix+UW/vOfmWI5QVd2tgI=
golang.org/x/mod v0.31.0/go.mod h1:43JraMp9cGx1Rx3AqioxrbrhNsLl2l/iNAvuBkrezpg=
golang.org/x/mod v0.32.0 h1:9F4d3PHLljb6x//jOyokMv3eX+YDeepZSEo3mFJy93c=
golang.org/x/mod v0.32.0/go.mod h1:SgipZ/3h2Ci89DlEtEXWUk/HteuRin+HHhN+WbNhguU=
golang.org/x/sync v0.19.0 h1:vV+1eWNmZ5geRlYjzm2adRgW2/mcpevXNg50YZtPCE4=
golang.org/x/sync v0.19.0/go.mod h1:9KTHXmSnoGruLpwFjVSX0lNNA75CykiMECbovNTZqGI=
golang.org/x/tools v0.40.0 h1:yLkxfA+Qnul4cs9QA3KnlFu0lVmd8JJfoq+E41uSutA=
golang.org/x/tools v0.40.0/go.mod h1:Ik/tzLRlbscWpqqMRjyWYDisX8bG13FrdXp3o4Sr9lc=
